
Microsoft Visual Studio Solution File, Format Version 12.00
# Visual Studio Version 16
VisualStudioVersion = 16.0.29926.136
MinimumVisualStudioVersion = 10.0.40219.1
Project("{FAE04EC0-301F-11D3-BF4B-00C04F79EFBC}") = "CoreTracker", "CoreTracker.csproj", "{9F74A109-6B03-48F0-934A-257CAD064D6D}"
EndProject
Global
	GlobalSection(SolutionConfigurationPlatforms) = preSolution
		Debug|Any CPU = Debug|Any CPU
		Debug|x64 = Debug|x64
		Debug|x86 = Debug|x86
		Release|Any CPU = Release|Any CPU
		Release|x64 = Release|x64
		Release|x86 = Release|x86
	EndGlobalSection
	GlobalSection(ProjectConfigurationPlatforms) = postSolution
		{9F74A109-6B03-48F0-934A-257CAD064D6D}.Debug|Any CPU.ActiveCfg = Debug|Any CPU
		{9F74A109-6B03-48F0-934A-257CAD064D6D}.Debug|Any CPU.Build.0 = Debug|Any CPU
		{9F74A109-6B03-48F0-934A-257CAD064D6D}.Debug|x64.ActiveCfg = Debug|x64
		{9F74A109-6B03-48F0-934A-257CAD064D6D}.Debug|x64.Build.0 = Debug|x64
		{9F74A109-6B03-48F0-934A-257CAD064D6D}.Debug|x86.ActiveCfg = Debug|x86
		{9F74A109-6B03-48F0-934A-257CAD064D6D}.Debug|x86.Build.0 = Debug|x86
		{9F74A109-6B03-48F0-934A-257CAD064D6D}.Release|Any CPU.ActiveCfg = Release|Any CPU
		{9F74A109-6B03-48F0-934A-257CAD064D6D}.Release|Any CPU.Build.0 = Release|Any CPU
		{9F74A109-6B03-48F0-934A-257CAD064D6D}.Release|x64.ActiveCfg = Release|x86
		{9F74A109-6B03-48F0-934A-257CAD064D6D}.Release|x64.Build.0 = Release|x86
		{9F74A109-6B03-48F0-934A-257CAD064D6D}.Release|x86.ActiveCfg = Release|x86
		{9F74A109-6B03-48F0-934A-257CAD064D6D}.Release|x86.Build.0 = Release|x86
	EndGlobalSection
	GlobalSection(SolutionProperties) = preSolution
		HideSolutionNode = FALSE
	EndGlobalSection
	GlobalSection(ExtensibilityGlobals) = postSolution
		SolutionGuid = {5DBDC2B8-33FC-40C8-B6B0-01D18732A7E9}
	EndGlobalSection
EndGlobal
